<Solution>
  <Folder Name="/src/">
    <Project Path="src/WinMint.Cli/WinMint.Cli.csproj" />
    <Project Path="src/WinMint.Orchestrator/WinMint.Orchestrator.csproj" />
    <Project Path="src/WinMint.Provisioning/WinMint.Provisioning.csproj" />
    <Project Path="src/WinMint.Wizard/WinMint.Wizard.csproj" />
  </Folder>
  <Folder Name="/tests/">
    <Project Path="tests/WinMint.Tests/WinMint.Tests.csproj" />
  </Folder>
</Solution>
